// !$*UTF8*$!
{
	archiveVersion = 1;
	classes = {
	};
	objectVersion = 50;
	objects = {

/* Begin PBXBuildFile section */
		6163BFCCBAF00C6CE54DA29B /* libPods-FirstGitCocoaPod.a in Frameworks */ = {isa = PBXBuildFile; fileRef = 5A843261B0B97CC949350F8A /* libPods-FirstGitCocoaPod.a */; };
		C2F02FE925DE6F9C00C3C792 /* FirstGitCocoaPod.h in Headers */ = {isa = PBXBuildFile; fileRef = C2F02FE725DE6F9C00C3C792 /* FirstGitCocoaPod.h */; settings = {ATTRIBUTES = (Public, ); }; };
		C2F02FF425DE714000C3C792 /* DemoClass.swift in Sources */ = {isa = PBXBuildFile; fileRef = C2F02FF325DE714000C3C792 /* DemoClass.swift */; };
/* End PBXBuildFile section */

/* Begin PBXFileReference section */
		2850A31793D42702EC8DF75B /* Pods-FirstGitCocoaPod.debug.xcconfig */ = {isa = PBXFileReference; includeInIndex = 1; lastKnownFileType = text.xcconfig; name = "Pods-FirstGitCocoaPod.debug.xcconfig"; path = "Target Support Files/Pods-FirstGitCocoaPod/Pods-FirstGitCocoaPod.debug.xcconfig"; sourceTree = "<group>"; };
		5A843261B0B97CC949350F8A /* libPods-FirstGitCocoaPod.a */ = {isa = PBXFileReference; explicitFileType = archive.ar; includeInIndex = 0; path = "libPods-FirstGitCocoaPod.a"; sourceTree = BUILT_PRODUCTS_DIR; };
		C2F02FE425DE6F9C00C3C792 /* FirstGitCocoaPod.framework */ = {isa = PBXFileReference; explicitFileType = wrapper.framework; includeInIndex = 0; path = FirstGitCocoaPod.framework; sourceTree = BUILT_PRODUCTS_DIR; };
		C2F02FE725DE6F9C00C3C792 /* FirstGitCocoaPod.h */ = {isa = PBXFileReference; lastKnownFileType = sourcecode.c.h; path = FirstGitCocoaPod.h; sourceTree = "<group>"; };
		C2F02FE825DE6F9C00C3C792 /* Info.plist */ = {isa = PBXFileReference; lastKnownFileType = text.plist.xml; path = Info.plist; sourceTree = "<group>"; };
		C2F02FF325DE714000C3C792 /* DemoClass.swift */ = {isa = PBXFileReference; fileEncoding = 4; lastKnownFileType = sourcecode.swift; path = DemoClass.swift; sourceTree = "<group>"; };
		DEA7316C6DFBD0808B6CF374 /* Pods-FirstGitCocoaPod.release.xcconfig */ = {isa = PBXFileReference; includeInIndex = 1; lastKnownFileType = text.xcconfig; name = "Pods-FirstGitCocoaPod.release.xcconfig"; path = "Target Support Files/Pods-FirstGitCocoaPod/Pods-FirstGitCocoaPod.release.xcconfig"; sourceTree = "<group>"; };
/* End PBXFileReference section */

/* Begin PBXFrameworksBuildPhase section */
		C2F02FE125DE6F9C00C3C792 /* Frameworks */ = {
			isa = PBXFrameworksBuildPhase;
			buildActionMask = 2147483647;
			files = (
				6163BFCCBAF00C6CE54DA29B /* libPods-FirstGitCocoaPod.a in Frameworks */,
			);
			runOnlyForDeploymentPostprocessing = 0;
		};
/* End PBXFrameworksBuildPhase section */

/* Begin PBXGroup section */
		6297AA402EE819DE7AF76341 /* Frameworks */ = {
			isa = PBXGroup;
			children = (
				5A843261B0B97CC949350F8A /* libPods-FirstGitCocoaPod.a */,
			);
			name = Frameworks;
			sourceTree = "<group>";
		};
		C2F02FDA25DE6F9C00C3C792 = {
			isa = PBXGroup;
			children = (
				C2F02FE625DE6F9C00C3C792 /* FirstGitCocoaPod */,
				C2F02FE525DE6F9C00C3C792 /* Products */,
				F057CE17739EE33A9D069DEC /* Pods */,
				6297AA402EE819DE7AF76341 /* Frameworks */,
			);
			sourceTree = "<group>";
		};
		C2F02FE525DE6F9C00C3C792 /* Products */ = {
			isa = PBXGroup;
			children = (
				C2F02FE425DE6F9C00C3C792 /* FirstGitCocoaPod.framework */,
			);
			name = Products;
			sourceTree = "<group>";
		};
		C2F02FE625DE6F9C00C3C792 /* FirstGitCocoaPod */ = {
			isa = PBXGroup;
			children = (
				C2F02FF325DE714000C3C792 /* DemoClass.swift */,
				C2F02FE725DE6F9C00C3C792 /* FirstGitCocoaPod.h */,
				C2F02FE825DE6F9C00C3C792 /* Info.plist */,
			);
			path = FirstGitCocoaPod;
			sourceTree = "<group>";
		};
		F057CE17739EE33A9D069DEC /* Pods */ = {
			isa = PBXGroup;
			children = (
				2850A31793D42702EC8DF75B /* Pods-FirstGitCocoaPod.debug.xcconfig */,
				DEA7316C6DFBD0808B6CF374 /* Pods-FirstGitCocoaPod.release.xcconfig */,
			);
			path = Pods;
			sourceTree = "<group>";
		};
/* End PBXGroup section */

/* Begin PBXHeadersBuildPhase section */
		C2F02FDF25DE6F9C00C3C792 /* Headers */ = {
			isa = PBXHeadersBuildPhase;
			buildActionMask = 2147483647;
			files = (
				C2F02FE925DE6F9C00C3C792 /* FirstGitCocoaPod.h in Headers */,
			);
			runOnlyForDeploymentPostprocessing = 0;
		};
/* End PBXHeadersBuildPhase section */

/* Begin PBXNativeTarget section */
		C2F02FE325DE6F9C00C3C792 /* FirstGitCocoaPod */ = {
			isa = PBXNativeTarget;
			buildConfigurationList = C2F02FEC25DE6F9C00C3C792 /* Build configuration list for PBXNativeTarget "FirstGitCocoaPod" */;
			buildPhases = (
				885EB03B9C411778ADDFD42A /* [CP] Check Pods Manifest.lock */,
				C2F02FDF25DE6F9C00C3C792 /* Headers */,
				C2F02FE025DE6F9C00C3C792 /* Sources */,
				C2F02FE125DE6F9C00C3C792 /* Frameworks */,
				C2F02FE225DE6F9C00C3C792 /* Resources */,
			);
			buildRules = (
			);
			dependencies = (
			);
			name = FirstGitCocoaPod;
			productName = FirstGitCocoaPod;
			productReference = C2F02FE425DE6F9C00C3C792 /* FirstGitCocoaPod.framework */;
			productType = "com.apple.product-type.framework";
		};
/* End PBXNativeTarget section */

/* Begin PBXProject section */
		C2F02FDB25DE6F9C00C3C792 /* Project object */ = {
			isa = PBXProject;
			attributes = {
				LastUpgradeCheck = 1240;
				TargetAttributes = {
					C2F02FE325DE6F9C00C3C792 = {
						CreatedOnToolsVersion = 12.4;
						LastSwiftMigration = 1240;
					};
				};
			};
			buildConfigurationList = C2F02FDE25DE6F9C00C3C792 /* Build configuration list for PBXProject "FirstGitCocoaPod" */;
			compatibilityVersion = "Xcode 9.3";
			developmentRegion = en;
			hasScannedForEncodings = 0;
			knownRegions = (
				en,
				Base,
			);
			mainGroup = C2F02FDA25DE6F9C00C3C792;
			productRefGroup = C2F02FE525DE6F9C00C3C792 /* Products */;
			projectDirPath = "";
			projectRoot = "";
			targets = (
				C2F02FE325DE6F9C00C3C792 /* FirstGitCocoaPod */,
			);
		};
/* End PBXProject section */

/* Begin PBXResourcesBuildPhase section */
		C2F02FE225DE6F9C00C3C792 /* Resources */ = {
			isa = PBXResourcesBuildPhase;
			buildActionMask = 2147483647;
			files = (
			);
			runOnlyForDeploymentPostprocessing = 0;
		};
/* End PBXResourcesBuildPhase section */

/* Begin PBXShellScriptBuildPhase section */
		885EB03B9C411778ADDFD42A /* [CP] Check Pods Manifest.lock */ = {
			isa = PBXShellScriptBuildPhase;
			buildActionMask = 2147483647;
			files = (
			);
			inputFileListPaths = (
			);
			inputPaths = (
				"${PODS_PODFILE_DIR_PATH}/Podfile.lock",
				"${PODS_ROOT}/Manifest.lock",
			);
			name = "[CP] Check Pods Manifest.lock";
			outputFileListPaths = (
			);
			outputPaths = (
				"$(DERIVED_FILE_DIR)/Pods-FirstGitCocoaPod-checkManifestLockResult.txt",
			);
			runOnlyForDeploymentPostprocessing = 0;
			shellPath = /bin/sh;
			shellScript = "diff \"${PODS_PODFILE_DIR_PATH}/Podfile.lock\" \"${PODS_ROOT}/Manifest.lock\" > /dev/null\nif [ $? != 0 ] ; then\n    # print error to STDERR\n    echo \"error: The sandbox is not in sync with the Podfile.lock. Run 'pod install' or update your CocoaPods installation.\" >&2\n    exit 1\nfi\n# This output is used by Xcode 'outputs' to avoid re-running this script phase.\necho \"SUCCESS\" > \"${SCRIPT_OUTPUT_FILE_0}\"\n";
			showEnvVarsInLog = 0;
		};
/* End PBXShellScriptBuildPhase section */

/* Begin PBXSourcesBuildPhase section */
		C2F02FE025DE6F9C00C3C792 /* Sources */ = {
			isa = PBXSourcesBuildPhase;
			buildActionMask = 2147483647;
			files = (
				C2F02FF425DE714000C3C792 /* DemoClass.swift in Sources */,
			);
			runOnlyForDeploymentPostprocessing = 0;
		};
/* End PBXSourcesBuildPhase section */

/* Begin XCBuildConfiguration section */
		C2F02FEA25DE6F9C00C3C792 /* Debug */ = {
			isa = XCBuildConfiguration;
			buildSettings = {
				ALWAYS_SEARCH_USER_PATHS = NO;
				CLANG_ANALYZER_NONNULL = YES;
				CLANG_ANALYZER_NUMBER_OBJECT_CONVERSION = YES_AGGRESSIVE;
				CLANG_CXX_LANGUAGE_STANDARD = "gnu++14";
				CLANG_CXX_LIBRARY = "libc++";
				CLANG_ENABLE_MODULES = YES;
				CLANG_ENABLE_OBJC_ARC = YES;
				CLANG_ENABLE_OBJC_WEAK = YES;
				CLANG_WARN_BLOCK_CAPTURE_AUTORELEASING = YES;
				CLANG_WARN_BOOL_CONVERSION = YES;
				CLANG_WARN_COMMA = YES;
				CLANG_WARN_CONSTANT_CONVERSION = YES;
				CLANG_WARN_DEPRECATED_OBJC_IMPLEMENTATIONS = YES;
				CLANG_WARN_DIRECT_OBJC_ISA_USAGE = YES_ERROR;
				CLANG_WARN_DOCUMENTATION_COMMENTS = YES;
				CLANG_WARN_EMPTY_BODY = YES;
				CLANG_WARN_ENUM_CONVERSION = YES;
				CLANG_WARN_INFINITE_RECURSION = YES;
				CLANG_WARN_INT_CONVERSION = YES;
				CLANG_WARN_NON_LITERAL_NULL_CONVERSION = YES;
				CLANG_WARN_OBJC_IMPLICIT_RETAIN_SELF = YES;
				CLANG_WARN_OBJC_LITERAL_CONVERSION = YES;
				CLANG_WARN_OBJC_ROOT_CLASS = YES_ERROR;
				CLANG_WARN_QUOTED_INCLUDE_IN_FRAMEWORK_HEADER = YES;
				CLANG_WARN_RANGE_LOOP_ANALYSIS = YES;
				CLANG_WARN_STRICT_PROTOTYPES = YES;
				CLANG_WARN_SUSPICIOUS_MOVE = YES;
				CLANG_WARN_UNGUARDED_AVAILABILITY = YES_AGGRESSIVE;
				CLANG_WARN_UNREACHABLE_CODE = YES;
				CLANG_WARN__DUPLICATE_METHOD_MATCH = YES;
				COPY_PHASE_STRIP = NO;
				CURRENT_PROJECT_VERSION = 1;
				DEBUG_INFORMATION_FORMAT = dwarf;
				ENABLE_STRICT_OBJC_MSGSEND = YES;
				ENABLE_TESTABILITY = YES;
				GCC_C_LANGUAGE_STANDARD = gnu11;
				GCC_DYNAMIC_NO_PIC = NO;
				GCC_NO_COMMON_BLOCKS = YES;
				GCC_OPTIMIZATION_LEVEL = 0;
				GCC_PREPROCESSOR_DEFINITIONS = (
					"DEBUG=1",
					"$(inherited)",
				);
				GCC_WARN_64_TO_32_BIT_CONVERSION = YES;
				GCC_WARN_ABOUT_RETURN_TYPE = YES_ERROR;
				GCC_WARN_UNDECLARED_SELECTOR = YES;
				GCC_WARN_UNINITIALIZED_AUTOS = YES_AGGRESSIVE;
				GCC_WARN_UNUSED_FUNCTION = YES;
				GCC_WARN_UNUSED_VARIABLE = YES;
				IPHONEOS_DEPLOYMENT_TARGET = 14.4;
				MTL_ENABLE_DEBUG_INFO = INCLUDE_SOURCE;
				MTL_FAST_MATH = YES;
				ONLY_ACTIVE_ARCH = YES;
				SDKROOT = iphoneos;
				SWIFT_ACTIVE_COMPILATION_CONDITIONS = DEBUG;
				SWIFT_OPTIMIZATION_LEVEL = "-Onone";
				VERSIONING_SYSTEM = "apple-generic";
				VERSION_INFO_PREFIX = "";
			};
			name = Debug;
		};
		C2F02FEB25DE6F9C00C3C792 /* Release */ = {
			isa = XCBuildConfiguration;
			buildSettings = {
				ALWAYS_SEARCH_USER_PATHS = NO;
				CLANG_ANALYZER_NONNULL = YES;
				CLANG_ANALYZER_NUMBER_OBJECT_CONVERSION = YES_AGGRESSIVE;
				CLANG_CXX_LANGUAGE_STANDARD = "gnu++14";
				CLANG_CXX_LIBRARY = "libc++";
				CLANG_ENABLE_MODULES = YES;
				CLANG_ENABLE_OBJC_ARC = YES;
				CLANG_ENABLE_OBJC_WEAK = YES;
				CLANG_WARN_BLOCK_CAPTURE_AUTORELEASING = YES;
				CLANG_WARN_BOOL_CONVERSION = YES;
				CLANG_WARN_COMMA = YES;
				CLANG_WARN_CONSTANT_CONVERSION = YES;
				CLANG_WARN_DEPRECATED_OBJC_IMPLEMENTATIONS = YES;
				CLANG_WARN_DIRECT_OBJC_ISA_USAGE = YES_ERROR;
				CLANG_WARN_DOCUMENTATION_COMMENTS = YES;
				CLANG_WARN_EMPTY_BODY = YES;
				CLANG_WARN_ENUM_CONVERSION = YES;
				CLANG_WARN_INFINITE_RECURSION = YES;
				CLANG_WARN_INT_CONVERSION = YES;
				CLANG_WARN_NON_LITERAL_NULL_CONVERSION = YES;
				CLANG_WARN_OBJC_IMPLICIT_RETAIN_SELF = YES;
				CLANG_WARN_OBJC_LITERAL_CONVERSION = YES;
				CLANG_WARN_OBJC_ROOT_CLASS = YES_ERROR;
				CLANG_WARN_QUOTED_INCLUDE_IN_FRAMEWORK_HEADER = YES;
				CLANG_WARN_RANGE_LOOP_ANALYSIS = YES;
				CLANG_WARN_STRICT_PROTOTYPES = YES;
				CLANG_WARN_SUSPICIOUS_MOVE = YES;
				CLANG_WARN_UNGUARDED_AVAILABILITY = YES_AGGRESSIVE;
				CLANG_WARN_UNREACHABLE_CODE = YES;
				CLANG_WARN__DUPLICATE_METHOD_MATCH = YES;
				COPY_PHASE_STRIP = NO;
				CURRENT_PROJECT_VERSION = 1;
				DEBUG_INFORMATION_FORMAT = "dwarf-with-dsym";
				ENABLE_NS_ASSERTIONS = NO;
				ENABLE_STRICT_OBJC_MSGSEND = YES;
				GCC_C_LANGUAGE_STANDARD = gnu11;
				GCC_NO_COMMON_BLOCKS = YES;
				GCC_WARN_64_TO_32_BIT_CONVERSION = YES;
				GCC_WARN_ABOUT_RETURN_TYPE = YES_ERROR;
				GCC_WARN_UNDECLARED_SELECTOR = YES;
				GCC_WARN_UNINITIALIZED_AUTOS = YES_AGGRESSIVE;
				GCC_WARN_UNUSED_FUNCTION = YES;
				GCC_WARN_UNUSED_VARIABLE = YES;
				IPHONEOS_DEPLOYMENT_TARGET = 14.4;
				MTL_ENABLE_DEBUG_INFO = NO;
				MTL_FAST_MATH = YES;
				SDKROOT = iphoneos;
				SWIFT_COMPILATION_MODE = wholemodule;
				SWIFT_OPTIMIZATION_LEVEL = "-O";
				VALIDATE_PRODUCT = YES;
				VERSIONING_SYSTEM = "apple-generic";
				VERSION_INFO_PREFIX = "";
			};
			name = Release;
		};
		C2F02FED25DE6F9C00C3C792 /* Debug */ = {
			isa = XCBuildConfiguration;
			baseConfigurationReference = 2850A31793D42702EC8DF75B /* Pods-FirstGitCocoaPod.debug.xcconfig */;
			buildSettings = {
				CLANG_ENABLE_MODULES = YES;
				CODE_SIGN_STYLE = Automatic;
				DEFINES_MODULE = YES;
				DEVELOPMENT_TEAM = BS7JMRJ9D8;
				DYLIB_COMPATIBILITY_VERSION = 1;
				DYLIB_CURRENT_VERSION = 1;
				DYLIB_INSTALL_NAME_BASE = "@rpath";
				INFOPLIST_FILE = FirstGitCocoaPod/Info.plist;
				INSTALL_PATH = "$(LOCAL_LIBRARY_DIR)/Frameworks";
				LD_RUNPATH_SEARCH_PATHS = (
					"$(inherited)",
					"@executable_path/Frameworks",
					"@loader_path/Frameworks",
				);
				PRODUCT_BUNDLE_IDENTIFIER = Decathlon.FirstGitCocoaPod;
				PRODUCT_NAME = "$(TARGET_NAME:c99extidentifier)";
				SKIP_INSTALL = YES;
				SWIFT_OPTIMIZATION_LEVEL = "-Onone";
				SWIFT_VERSION = 5.0;
				TARGETED_DEVICE_FAMILY = "1,2";
			};
			name = Debug;
		};
		C2F02FEE25DE6F9C00C3C792 /* Release */ = {
			isa = XCBuildConfiguration;
			baseConfigurationReference = DEA7316C6DFBD0808B6CF374 /* Pods-FirstGitCocoaPod.release.xcconfig */;
			buildSettings = {
				CLANG_ENABLE_MODULES = YES;
				CODE_SIGN_STYLE = Automatic;
				DEFINES_MODULE = YES;
				DEVELOPMENT_TEAM = BS7JMRJ9D8;
				DYLIB_COMPATIBILITY_VERSION = 1;
				DYLIB_CURRENT_VERSION = 1;
				DYLIB_INSTALL_NAME_BASE = "@rpath";
				INFOPLIST_FILE = FirstGitCocoaPod/Info.plist;
				INSTALL_PATH = "$(LOCAL_LIBRARY_DIR)/Frameworks";
				LD_RUNPATH_SEARCH_PATHS = (
					"$(inherited)",
					"@executable_path/Frameworks",
					"@loader_path/Frameworks",
				);
				PRODUCT_BUNDLE_IDENTIFIER = Decathlon.FirstGitCocoaPod;
				PRODUCT_NAME = "$(TARGET_NAME:c99extidentifier)";
				SKIP_INSTALL = YES;
				SWIFT_VERSION = 5.0;
				TARGETED_DEVICE_FAMILY = "1,2";
			};
			name = Release;
		};
/* End XCBuildConfiguration section */

/* Begin XCConfigurationList section */
		C2F02FDE25DE6F9C00C3C792 /* Build configuration list for PBXProject "FirstGitCocoaPod" */ = {
			isa = XCConfigurationList;
			buildConfigurations = (
				C2F02FEA25DE6F9C00C3C792 /* Debug */,
				C2F02FEB25DE6F9C00C3C792 /* Release */,
			);
			defaultConfigurationIsVisible = 0;
			defaultConfigurationName = Release;
		};
		C2F02FEC25DE6F9C00C3C792 /* Build configuration list for PBXNativeTarget "FirstGitCocoaPod" */ = {
			isa = XCConfigurationList;
			buildConfigurations = (
				C2F02FED25DE6F9C00C3C792 /* Debug */,
				C2F02FEE25DE6F9C00C3C792 /* Release */,
			);
			defaultConfigurationIsVisible = 0;
			defaultConfigurationName = Release;
		};
/* End XCConfigurationList section */
	};
	rootObject = C2F02FDB25DE6F9C00C3C792 /* Project object */;
}
